
Microsoft Visual Studio Solution File, Format Version 12.00
# Visual Studio 15
VisualStudioVersion = 15.0.26730.16
MinimumVisualStudioVersion = 10.0.40219.1
Project("{2150E333-8FDC-42A3-9474-1A3956D46DE8}") = "Auth", "Auth", "{3105DCD1-FD95-41E8-B53A-9666E08A2F99}"
EndProject
Project("{2150E333-8FDC-42A3-9474-1A3956D46DE8}") = "Models", "Models", "{E90EBFC7-321F-4DC8-A5B5-1C889E0377BD}"
EndProject
Project("{FAE04EC0-301F-11D3-BF4B-00C04F79EFBC}") = "SysInfo", "Auth\Models\SysInfo\SysInfo.csproj", "{B2F12177-9A47-4D71-B7C4-10619E0AB1DB}"
EndProject
Project("{2150E333-8FDC-42A3-9474-1A3956D46DE8}") = "Data", "Data", "{F5168C09-3431-4D1F-81C8-156EE39AF2CE}"
EndProject
Project("{FAE04EC0-301F-11D3-BF4B-00C04F79EFBC}") = "AuthDBContext", "Auth\Data\AuthDBContext\AuthDBContext.csproj", "{34480B51-2491-4981-885B-22329AD88598}"
EndProject
Project("{FAE04EC0-301F-11D3-BF4B-00C04F79EFBC}") = "SysData", "Auth\Data\SysData\SysData.csproj", "{D588E310-D123-42B4-82F0-FA4A955A6BFA}"
EndProject
Project("{2150E333-8FDC-42A3-9474-1A3956D46DE8}") = "UnitTest", "UnitTest", "{DABE1791-3972-480F-8F14-A4A564D21D1A}"
EndProject
Project("{FAE04EC0-301F-11D3-BF4B-00C04F79EFBC}") = "SysData.Test", "Auth\UnitTest\SysData.Test\SysData.Test.csproj", "{E86F0917-BA4F-4DB3-B677-46C6E99E0FB5}"
EndProject
Global
	GlobalSection(SolutionConfigurationPlatforms) = preSolution
		Debug|Any CPU = Debug|Any CPU
		Release|Any CPU = Release|Any CPU
	EndGlobalSection
	GlobalSection(ProjectConfigurationPlatforms) = postSolution
		{B2F12177-9A47-4D71-B7C4-10619E0AB1DB}.Debug|Any CPU.ActiveCfg = Debug|Any CPU
		{B2F12177-9A47-4D71-B7C4-10619E0AB1DB}.Debug|Any CPU.Build.0 = Debug|Any CPU
		{B2F12177-9A47-4D71-B7C4-10619E0AB1DB}.Release|Any CPU.ActiveCfg = Release|Any CPU
		{B2F12177-9A47-4D71-B7C4-10619E0AB1DB}.Release|Any CPU.Build.0 = Release|Any CPU
		{34480B51-2491-4981-885B-22329AD88598}.Debug|Any CPU.ActiveCfg = Debug|Any CPU
		{34480B51-2491-4981-885B-22329AD88598}.Debug|Any CPU.Build.0 = Debug|Any CPU
		{34480B51-2491-4981-885B-22329AD88598}.Release|Any CPU.ActiveCfg = Release|Any CPU
		{34480B51-2491-4981-885B-22329AD88598}.Release|Any CPU.Build.0 = Release|Any CPU
		{D588E310-D123-42B4-82F0-FA4A955A6BFA}.Debug|Any CPU.ActiveCfg = Debug|Any CPU
		{D588E310-D123-42B4-82F0-FA4A955A6BFA}.Debug|Any CPU.Build.0 = Debug|Any CPU
		{D588E310-D123-42B4-82F0-FA4A955A6BFA}.Release|Any CPU.ActiveCfg = Release|Any CPU
		{D588E310-D123-42B4-82F0-FA4A955A6BFA}.Release|Any CPU.Build.0 = Release|Any CPU
		{E86F0917-BA4F-4DB3-B677-46C6E99E0FB5}.Debug|Any CPU.ActiveCfg = Debug|Any CPU
		{E86F0917-BA4F-4DB3-B677-46C6E99E0FB5}.Debug|Any CPU.Build.0 = Debug|Any CPU
		{E86F0917-BA4F-4DB3-B677-46C6E99E0FB5}.Release|Any CPU.ActiveCfg = Release|Any CPU
		{E86F0917-BA4F-4DB3-B677-46C6E99E0FB5}.Release|Any CPU.Build.0 = Release|Any CPU
	EndGlobalSection
	GlobalSection(SolutionProperties) = preSolution
		HideSolutionNode = FALSE
	EndGlobalSection
	GlobalSection(NestedProjects) = preSolution
		{E90EBFC7-321F-4DC8-A5B5-1C889E0377BD} = {3105DCD1-FD95-41E8-B53A-9666E08A2F99}
		{B2F12177-9A47-4D71-B7C4-10619E0AB1DB} = {E90EBFC7-321F-4DC8-A5B5-1C889E0377BD}
		{F5168C09-3431-4D1F-81C8-156EE39AF2CE} = {3105DCD1-FD95-41E8-B53A-9666E08A2F99}
		{34480B51-2491-4981-885B-22329AD88598} = {F5168C09-3431-4D1F-81C8-156EE39AF2CE}
		{D588E310-D123-42B4-82F0-FA4A955A6BFA} = {F5168C09-3431-4D1F-81C8-156EE39AF2CE}
		{DABE1791-3972-480F-8F14-A4A564D21D1A} = {3105DCD1-FD95-41E8-B53A-9666E08A2F99}
		{E86F0917-BA4F-4DB3-B677-46C6E99E0FB5} = {DABE1791-3972-480F-8F14-A4A564D21D1A}
	EndGlobalSection
	GlobalSection(ExtensibilityGlobals) = postSolution
		SolutionGuid = {6F086ABD-56F2-41CE-A942-F531ADF6965B}
	EndGlobalSection
EndGlobal
